{
  "name": "mdict-ts",
  "version": "1.0.1",
  "lockfileVersion": 2,
  "requires": true,
  "packages": {
    "": {
      "name": "mdict-ts",
      "version": "1.0.1",
      "license": "MIT",
      "dependencies": {
        "@types/node": "^14.18.12",
        "@types/pako": "^1.0.1",
        "buffer-dataview": "0.0.2",
        "pako": "^1.0.11",
        "text-encoding": "^0.7.0",
        "xmldom": "^0.3.0"
      },
      "devDependencies": {
        "typescript": "^4.6.3"
      }
    },
    "node_modules/@types/node": {
      "version": "14.18.12",
      "resolved": "https://registry.npmjs.org/@types/node/-/node-14.18.12.tgz",
      "integrity": "sha512-q4jlIR71hUpWTnGhXWcakgkZeHa3CCjcQcnuzU8M891BAWA2jHiziiWEPEkdS5pFsz7H9HJiy8BrK7tBRNrY7A=="
    },
    "node_modules/@types/pako": {
      "version": "1.0.1",
      "resolved": "https://r.cnpmjs.org/@types/pako/download/@types/pako-1.0.1.tgz",
      "integrity": "sha1-M7I388mv9E0Pgv5jrP+ko2XvSmE="
    },
    "node_modules/buffer-dataview": {
      "version": "0.0.2",
      "resolved": "http://registry.npm.taobao.org/buffer-dataview/download/buffer-dataview-0.0.2.tgz",
      "integrity": "sha1-8r5+4prCRD/zcG3e90bHXP5lB+E="
    },
    "node_modules/pako": {
      "version": "1.0.11",
      "resolved": "https://r.cnpmjs.org/pako/download/pako-1.0.11.tgz",
      "integrity": "sha1-bJWZ00DVTf05RjgCUqNXBaa5kr8="
    },
    "node_modules/text-encoding": {
      "version": "0.7.0",
      "resolved": "http://registry.npm.taobao.org/text-encoding/download/text-encoding-0.7.0.tgz",
      "integrity": "sha1-+JXoNuRZkGJAhmAXmOqY6PNu5kM=",
      "deprecated": "no longer maintained"
    },
    "node_modules/typescript": {
      "version": "4.6.3",
      "resolved": "https://registry.npmjs.org/typescript/-/typescript-4.6.3.tgz",
      "integrity": "sha512-yNIatDa5iaofVozS/uQJEl3JRWLKKGJKh6Yaiv0GLGSuhpFJe7P3SbHZ8/yjAHRQwKRoA6YZqlfjXWmVzoVSMw==",
      "dev": true,
      "bin": {
        "tsc": "bin/tsc",
        "tsserver": "bin/tsserver"
      },
      "engines": {
        "node": ">=4.2.0"
      }
    },
    "node_modules/xmldom": {
      "version": "0.3.0",
      "resolved": "https://r.cnpmjs.org/xmldom/download/xmldom-0.3.0.tgz",
      "integrity": "sha1-5iVFf0MAtd+cLh7Ld2FH7OR/Plo=",
      "deprecated": "Deprecated due to CVE-2021-21366 resolved in 0.5.0",
      "engines": {
        "node": ">=10.0.0"
      }
    }
  },
  "dependencies": {
    "@types/node": {
      "version": "14.18.12",
      "resolved": "https://registry.npmjs.org/@types/node/-/node-14.18.12.tgz",
      "integrity": "sha512-q4jlIR71hUpWTnGhXWcakgkZeHa3CCjcQcnuzU8M891BAWA2jHiziiWEPEkdS5pFsz7H9HJiy8BrK7tBRNrY7A=="
    },
    "@types/pako": {
      "version": "1.0.1",
      "resolved": "https://r.cnpmjs.org/@types/pako/download/@types/pako-1.0.1.tgz",
      "integrity": "sha1-M7I388mv9E0Pgv5jrP+ko2XvSmE="
    },
    "buffer-dataview": {
      "version": "0.0.2",
      "resolved": "http://registry.npm.taobao.org/buffer-dataview/download/buffer-dataview-0.0.2.tgz",
      "integrity": "sha1-8r5+4prCRD/zcG3e90bHXP5lB+E="
    },
    "pako": {
      "version": "1.0.11",
      "resolved": "https://r.cnpmjs.org/pako/download/pako-1.0.11.tgz",
      "integrity": "sha1-bJWZ00DVTf05RjgCUqNXBaa5kr8="
    },
    "text-encoding": {
      "version": "0.7.0",
      "resolved": "http://registry.npm.taobao.org/text-encoding/download/text-encoding-0.7.0.tgz",
      "integrity": "sha1-+JXoNuRZkGJAhmAXmOqY6PNu5kM="
    },
    "typescript": {
      "version": "4.6.3",
      "resolved": "https://registry.npmjs.org/typescript/-/typescript-4.6.3.tgz",
      "integrity": "sha512-yNIatDa5iaofVozS/uQJEl3JRWLKKGJKh6Yaiv0GLGSuhpFJe7P3SbHZ8/yjAHRQwKRoA6YZqlfjXWmVzoVSMw==",
      "dev": true
    },
    "xmldom": {
      "version": "0.3.0",
      "resolved": "https://r.cnpmjs.org/xmldom/download/xmldom-0.3.0.tgz",
      "integrity": "sha1-5iVFf0MAtd+cLh7Ld2FH7OR/Plo="
    }
  }
}
